
Microsoft Visual Studio Solution File, Format Version 12.00
# Visual Studio Version 17
VisualStudioVersion = 17.6.33829.357
MinimumVisualStudioVersion = 10.0.40219.1
Project("{888888A0-9F3D-457C-B088-3A5042F75D52}") = "inventory", "wms\inventory.pyproj", "{66DC1954-FA9C-4D36-99EB-5AD7DD8BB9A4}"
EndProject
Global
	GlobalSection(SolutionConfigurationPlatforms) = preSolution
		Debug|Any CPU = Debug|Any CPU
		Release|Any CPU = Release|Any CPU
	EndGlobalSection
	GlobalSection(ProjectConfigurationPlatforms) = postSolution
		{66DC1954-FA9C-4D36-99EB-5AD7DD8BB9A4}.Debug|Any CPU.ActiveCfg = Debug|Any CPU
		{66DC1954-FA9C-4D36-99EB-5AD7DD8BB9A4}.Debug|Any CPU.Build.0 = Debug|Any CPU
		{66DC1954-FA9C-4D36-99EB-5AD7DD8BB9A4}.Release|Any CPU.ActiveCfg = Release|Any CPU
		{66DC1954-FA9C-4D36-99EB-5AD7DD8BB9A4}.Release|Any CPU.Build.0 = Release|Any CPU
	EndGlobalSection
	GlobalSection(SolutionProperties) = preSolution
		HideSolutionNode = FALSE
	EndGlobalSection
	GlobalSection(ExtensibilityGlobals) = postSolution
		SolutionGuid = {88DC3E2C-A6CD-4FF2-859A-43A480757642}
	EndGlobalSection
EndGlobal
